
Microsoft Visual Studio Solution File, Format Version 12.00
# Visual Studio Version 17
VisualStudioVersion = 17.8.34330.188
MinimumVisualStudioVersion = 10.0.40219.1
Project("{FAE04EC0-301F-11D3-BF4B-00C04F79EFBC}") = "asp", "asp\asp.csproj", "{54F4FD0A-6C65-4363-8086-62F69F11781C}"
EndProject
Global
	GlobalSection(SolutionConfigurationPlatforms) = preSolution
		Debug|Any CPU = Debug|Any CPU
		Release|Any CPU = Release|Any CPU
	EndGlobalSection
	GlobalSection(ProjectConfigurationPlatforms) = postSolution
		{54F4FD0A-6C65-4363-8086-62F69F11781C}.Debug|Any CPU.ActiveCfg = Debug|Any CPU
		{54F4FD0A-6C65-4363-8086-62F69F11781C}.Debug|Any CPU.Build.0 = Debug|Any CPU
		{54F4FD0A-6C65-4363-8086-62F69F11781C}.Release|Any CPU.ActiveCfg = Release|Any CPU
		{54F4FD0A-6C65-4363-8086-62F69F11781C}.Release|Any CPU.Build.0 = Release|Any CPU
	EndGlobalSection
	GlobalSection(SolutionProperties) = preSolution
		HideSolutionNode = FALSE
	EndGlobalSection
	GlobalSection(ExtensibilityGlobals) = postSolution
		SolutionGuid = {20DE5108-D079-485D-AE75-3405294F883F}
	EndGlobalSection
EndGlobal
